
Microsoft Visual Studio Solution File, Format Version 12.00
# Visual Studio Version 17
VisualStudioVersion = 17.6.33829.357
MinimumVisualStudioVersion = 10.0.40219.1
Project("{8BC9CEB8-8B4A-11D0-8D11-00A0C91BC942}") = "CIS 3501 Priority Queue", "CIS 3501 Priority Queue\CIS 3501 Priority Queue.vcxproj", "{0C5D643F-2E45-4AFF-A167-420DFC34763F}"
EndProject
Global
	GlobalSection(SolutionConfigurationPlatforms) = preSolution
		Debug|x64 = Debug|x64
		Debug|x86 = Debug|x86
		Release|x64 = Release|x64
		Release|x86 = Release|x86
	EndGlobalSection
	GlobalSection(ProjectConfigurationPlatforms) = postSolution
		{0C5D643F-2E45-4AFF-A167-420DFC34763F}.Debug|x64.ActiveCfg = Debug|x64
		{0C5D643F-2E45-4AFF-A167-420DFC34763F}.Debug|x64.Build.0 = Debug|x64
		{0C5D643F-2E45-4AFF-A167-420DFC34763F}.Debug|x86.ActiveCfg = Debug|Win32
		{0C5D643F-2E45-4AFF-A167-420DFC34763F}.Debug|x86.Build.0 = Debug|Win32
		{0C5D643F-2E45-4AFF-A167-420DFC34763F}.Release|x64.ActiveCfg = Release|x64
		{0C5D643F-2E45-4AFF-A167-420DFC34763F}.Release|x64.Build.0 = Release|x64
		{0C5D643F-2E45-4AFF-A167-420DFC34763F}.Release|x86.ActiveCfg = Release|Win32
		{0C5D643F-2E45-4AFF-A167-420DFC34763F}.Release|x86.Build.0 = Release|Win32
	EndGlobalSection
	GlobalSection(SolutionProperties) = preSolution
		HideSolutionNode = FALSE
	EndGlobalSection
	GlobalSection(ExtensibilityGlobals) = postSolution
		SolutionGuid = {4FCDC7E9-3A85-4CA2-A76C-A6AA9D90436D}
	EndGlobalSection
EndGlobal
